
Microsoft Visual Studio Solution File, Format Version 12.00
# Visual Studio Version 17
VisualStudioVersion = 17.7.34024.191
MinimumVisualStudioVersion = 10.0.40219.1
Project("{9A19103F-16F7-4668-BE54-9A1E7A4F7556}") = "Order", "Order\Order.csproj", "{7A923658-C96D-4362-A684-0BC17B449C33}"
EndProject
Project("{9A19103F-16F7-4668-BE54-9A1E7A4F7556}") = "DiscountTests", "TestProject1\DiscountTests.csproj", "{8E9FDBD0-43D6-4256-9AB2-EF230F93083D}"
EndProject
Project("{9A19103F-16F7-4668-BE54-9A1E7A4F7556}") = "VIPTests", "TestProject2\VIPTests.csproj", "{40E9F511-65D4-4174-BE15-A2606626A790}"
EndProject
Project("{9A19103F-16F7-4668-BE54-9A1E7A4F7556}") = "DeliveryTests", "TestProject3\DeliveryTests.csproj", "{C9CB416A-7AD8-423C-A3BD-2F115FF83B62}"
EndProject
Project("{FAE04EC0-301F-11D3-BF4B-00C04F79EFBC}") = "SortTests", "TestProject4\SortTests.csproj", "{85F6084D-5023-490B-A15C-D669CBB3073D}"
EndProject
Global
	GlobalSection(SolutionConfigurationPlatforms) = preSolution
		Debug|Any CPU = Debug|Any CPU
		Release|Any CPU = Release|Any CPU
	EndGlobalSection
	GlobalSection(ProjectConfigurationPlatforms) = postSolution
		{7A923658-C96D-4362-A684-0BC17B449C33}.Debug|Any CPU.ActiveCfg = Debug|Any CPU
		{7A923658-C96D-4362-A684-0BC17B449C33}.Debug|Any CPU.Build.0 = Debug|Any CPU
		{7A923658-C96D-4362-A684-0BC17B449C33}.Release|Any CPU.ActiveCfg = Release|Any CPU
		{7A923658-C96D-4362-A684-0BC17B449C33}.Release|Any CPU.Build.0 = Release|Any CPU
		{8E9FDBD0-43D6-4256-9AB2-EF230F93083D}.Debug|Any CPU.ActiveCfg = Debug|Any CPU
		{8E9FDBD0-43D6-4256-9AB2-EF230F93083D}.Debug|Any CPU.Build.0 = Debug|Any CPU
		{8E9FDBD0-43D6-4256-9AB2-EF230F93083D}.Release|Any CPU.ActiveCfg = Release|Any CPU
		{8E9FDBD0-43D6-4256-9AB2-EF230F93083D}.Release|Any CPU.Build.0 = Release|Any CPU
		{40E9F511-65D4-4174-BE15-A2606626A790}.Debug|Any CPU.ActiveCfg = Debug|Any CPU
		{40E9F511-65D4-4174-BE15-A2606626A790}.Debug|Any CPU.Build.0 = Debug|Any CPU
		{40E9F511-65D4-4174-BE15-A2606626A790}.Release|Any CPU.ActiveCfg = Release|Any CPU
		{40E9F511-65D4-4174-BE15-A2606626A790}.Release|Any CPU.Build.0 = Release|Any CPU
		{C9CB416A-7AD8-423C-A3BD-2F115FF83B62}.Debug|Any CPU.ActiveCfg = Debug|Any CPU
		{C9CB416A-7AD8-423C-A3BD-2F115FF83B62}.Debug|Any CPU.Build.0 = Debug|Any CPU
		{C9CB416A-7AD8-423C-A3BD-2F115FF83B62}.Release|Any CPU.ActiveCfg = Release|Any CPU
		{C9CB416A-7AD8-423C-A3BD-2F115FF83B62}.Release|Any CPU.Build.0 = Release|Any CPU
		{85F6084D-5023-490B-A15C-D669CBB3073D}.Debug|Any CPU.ActiveCfg = Debug|Any CPU
		{85F6084D-5023-490B-A15C-D669CBB3073D}.Debug|Any CPU.Build.0 = Debug|Any CPU
		{85F6084D-5023-490B-A15C-D669CBB3073D}.Release|Any CPU.ActiveCfg = Release|Any CPU
		{85F6084D-5023-490B-A15C-D669CBB3073D}.Release|Any CPU.Build.0 = Release|Any CPU
	EndGlobalSection
	GlobalSection(SolutionProperties) = preSolution
		HideSolutionNode = FALSE
	EndGlobalSection
	GlobalSection(ExtensibilityGlobals) = postSolution
		SolutionGuid = {D8436D4C-10FC-4901-98A4-8F69D3DDC500}
	EndGlobalSection
EndGlobal
